# This file is automatically @generated by Cargo.
# It is not intended for manual editing.
version = 4

[[package]]
name = "addr2line"
version = "0.27.1"
source = "registry+https://github.com/rust-lang/crates.io-index"
checksum = "e567177890eb1617b1f774005b66b26b2377afd138a2ca37aae7d8f0c81429d4"
dependencies = [
 "gimli",
 "rustc-demangle",
]

[[package]]
name = "allocator-api2"
version = "0.4.0"
source = "registry+https://github.com/rust-lang/crates.io-index"
checksum = "c880a97d28a3681c0267bd29cff89621202715b065127cd445fa0f0fe0aa2880"

[[package]]
name = "bitflags"
version = "2.13.1"
source = "registry+https://github.com/rust-lang/crates.io-index"
checksum = "b588b76d00fde79687d7646a9b5bdf3cc0f655e0bbd080335a95d7e96f3587da"

[[package]]
name = "desenredo"
version = "0.1.0"
dependencies = [
 "desenredo-abi",
 "desenredo-cxx",
 "desenredo-dwarf",
 "desenredo-lsda",
 "desenredo-macro",
 "desenredo-panic",
 "desenredo-personality",
 "desenredo-rust",
 "desenredo-unwind",
]

[[package]]
name = "desenredo-abi"
version = "0.1.0"
dependencies = [
 "bitflags",
]

[[package]]
name = "desenredo-cxx"
version = "0.1.0"
dependencies = [
 "desenredo-abi",
 "desenredo-lsda",
 "desenredo-personality",
 "fack",
]

[[package]]
name = "desenredo-dwarf"
version = "0.1.0"
dependencies = [
 "fack",
 "gimli",
]

[[package]]
name = "desenredo-example-no-std-linux"
version = "0.1.0"
dependencies = [
 "addr2line",
 "desenredo",
 "object",
 "rustix",
 "spinning_top",
 "talc",
]

[[package]]
name = "desenredo-lsda"
version = "0.1.0"
dependencies = [
 "fack",
 "gimli",
 "nom",
]

[[package]]
name = "desenredo-macro"
version = "0.1.0"
dependencies = [
 "proc-macro2",
 "quote",
 "syn",
]

[[package]]
name = "desenredo-no-std-linux"
version = "0.1.0"
dependencies = [
 "desenredo",
 "desenredo-panic",
 "fack",
 "rustix",
]

[[package]]
name = "desenredo-panic"
version = "0.1.0"
dependencies = [
 "desenredo-abi",
 "desenredo-rust",
 "fack",
]

[[package]]
name = "desenredo-personality"
version = "0.1.0"
dependencies = [
 "desenredo-abi",
 "fack",
 "gimli",
]

[[package]]
name = "desenredo-rust"
version = "0.1.0"
dependencies = [
 "desenredo-abi",
 "desenredo-lsda",
 "desenredo-personality",
 "fack",
]

[[package]]
name = "desenredo-unwind"
version = "0.1.0"
dependencies = [
 "desenredo-abi",
 "desenredo-dwarf",
 "fack",
 "gimli",
]

[[package]]
name = "errno"
version = "0.3.14"
source = "registry+https://github.com/rust-lang/crates.io-index"
checksum = "39cab71617ae0d63f51a36d69f866391735b51691dbda63cf6f96d042b63efeb"
dependencies = [
 "libc",
 "windows-sys",
]

[[package]]
name = "fack"
version = "0.4.0"
dependencies = [
 "fack-macro",
]

[[package]]
name = "fack-codegen"
version = "0.4.0"
dependencies = [
 "proc-macro2",
 "quote",
 "syn",
]

[[package]]
name = "fack-macro"
version = "0.4.0"
dependencies = [
 "fack-codegen",
 "syn",
]

[[package]]
name = "gimli"
version = "0.34.0"
source = "registry+https://github.com/rust-lang/crates.io-index"
checksum = "1033caf0b349c518623b5396bfb2cf0bddf44f0306d543a250e5743297aafd10"

[[package]]
name = "libc"
version = "0.2.189"
source = "registry+https://github.com/rust-lang/crates.io-index"
checksum = "3eaf3ede3fee6db1a4c2ee091bf8a8b4dccdc6d17f656fb07896ee72867612f2"

[[package]]
name = "linux-raw-sys"
version = "0.12.1"
source = "registry+https://github.com/rust-lang/crates.io-index"
checksum = "32a66949e030da00e8c7d4434b251670a91556f4144941d37452769c25d58a53"

[[package]]
name = "lock_api"
version = "0.4.14"
source = "registry+https://github.com/rust-lang/crates.io-index"
checksum = "224399e74b87b5f3557511d98dff8b14089b3dadafcab6bb93eab67d3aace965"
dependencies = [
 "scopeguard",
]

[[package]]
name = "memchr"
version = "2.8.3"
source = "registry+https://github.com/rust-lang/crates.io-index"
checksum = "cf8baf1c55e62ffcace7a9f06f4bd9cd3f0c4beb022d3b367256b91b87513d98"

[[package]]
name = "nom"
version = "8.0.0"
source = "registry+https://github.com/rust-lang/crates.io-index"
checksum = "df9761775871bdef83bee530e60050f7e54b1105350d6884eb0fb4f46c2f9405"
dependencies = [
 "memchr",
]

[[package]]
name = "object"
version = "0.39.1"
source = "registry+https://github.com/rust-lang/crates.io-index"
checksum = "2e5a6c098c7a3b6547378093f5cc30bc54fd361ce711e05293a5cc589562739b"
dependencies = [
 "memchr",
]

[[package]]
name = "proc-macro2"
version = "1.0.107"
source = "registry+https://github.com/rust-lang/crates.io-index"
checksum = "985e7ec9bb745e6ce6535b544d84d6cd6f7ad8bd711c398938ae983b91a766d9"
dependencies = [
 "unicode-ident",
]

[[package]]
name = "quote"
version = "1.0.47"
source = "registry+https://github.com/rust-lang/crates.io-index"
checksum = "1fbf4db142a473a8d80c26bbf18454ed458bf8d26c8219c331daecfdbd079001"
dependencies = [
 "proc-macro2",
]

[[package]]
name = "rustc-demangle"
version = "0.1.28"
source = "registry+https://github.com/rust-lang/crates.io-index"
checksum = "b74b56ffa8bb2830709a538c2cbcae9aa062db0d2a42563bfb09bdaae44020eb"

[[package]]
name = "rustix"
version = "1.1.4"
source = "registry+https://github.com/rust-lang/crates.io-index"
checksum = "b6fe4565b9518b83ef4f91bb47ce29620ca828bd32cb7e408f0062e9930ba190"
dependencies = [
 "bitflags",
 "errno",
 "libc",
 "linux-raw-sys",
 "windows-sys",
]

[[package]]
name = "scopeguard"
version = "1.2.0"
source = "registry+https://github.com/rust-lang/crates.io-index"
checksum = "94143f37725109f92c262ed2cf5e59bce7498c01bcc1502d7b9afe439a4e9f49"

[[package]]
name = "spinning_top"
version = "0.3.0"
source = "registry+https://github.com/rust-lang/crates.io-index"
checksum = "d96d2d1d716fb500937168cc09353ffdc7a012be8475ac7308e1bdf0e3923300"
dependencies = [
 "lock_api",
]

[[package]]
name = "syn"
version = "3.0.5"
source = "registry+https://github.com/rust-lang/crates.io-index"
checksum = "12df2e0110f65b775f769bb17ef989067a1d931b2eb822bd4346631eeada89f9"
dependencies = [
 "proc-macro2",
 "quote",
 "unicode-ident",
]

[[package]]
name = "talc"
version = "5.1.1"
source = "registry+https://github.com/rust-lang/crates.io-index"
checksum = "53f8ad14fa1c1b8635114abf9721076fe1e869572a5f26a52690f407292c80dc"
dependencies = [
 "allocator-api2",
 "lock_api",
]

[[package]]
name = "unicode-ident"
version = "1.0.24"
source = "registry+https://github.com/rust-lang/crates.io-index"
checksum = "e6e4313cd5fcd3dad5cafa179702e2b244f760991f45397d14d4ebf38247da75"

[[package]]
name = "windows-link"
version = "0.2.1"
source = "registry+https://github.com/rust-lang/crates.io-index"
checksum = "f0805222e57f7521d6a62e36fa9163bc891acd422f971defe97d64e70d0a4fe5"

[[package]]
name = "windows-sys"
version = "0.61.2"
source = "registry+https://github.com/rust-lang/crates.io-index"
checksum = "ae137229bcbd6cdf0f7b80a31df61766145077ddf49416a728b02cb3921ff3fc"
dependencies = [
 "windows-link",
]
